
Microsoft Visual Studio Solution File, Format Version 12.00
# Visual Studio 15
VisualStudioVersion = 15.0.28307.168
MinimumVisualStudioVersion = 10.0.40219.1
Project("{FAE04EC0-301F-11D3-BF4B-00C04F79EFBC}") = "Cake.Dungeon", "Cake.Dungeon.csproj", "{376E218C-86C4-41B5-A53E-694082820D99}"
EndProject
Global
	GlobalSection(SolutionConfigurationPlatforms) = preSolution
		Debug|Any CPU = Debug|Any CPU
		Release|Any CPU = Release|Any CPU
	EndGlobalSection
	GlobalSection(ProjectConfigurationPlatforms) = postSolution
		{376E218C-86C4-41B5-A53E-694082820D99}.Debug|Any CPU.ActiveCfg = Debug|Any CPU
		{376E218C-86C4-41B5-A53E-694082820D99}.Debug|Any CPU.Build.0 = Debug|Any CPU
		{376E218C-86C4-41B5-A53E-694082820D99}.Release|Any CPU.ActiveCfg = Release|Any CPU
		{376E218C-86C4-41B5-A53E-694082820D99}.Release|Any CPU.Build.0 = Release|Any CPU
	EndGlobalSection
	GlobalSection(SolutionProperties) = preSolution
		HideSolutionNode = FALSE
	EndGlobalSection
	GlobalSection(ExtensibilityGlobals) = postSolution
		SolutionGuid = {871092CA-6ADD-471C-A708-4DE429FEF1C5}
	EndGlobalSection
EndGlobal
