{
  "version": 1,
  "dependencies": {
    ".NETStandard,Version=v2.0": {
      "Microsoft.SourceLink.GitHub": {
        "type": "Direct",
        "requested": "[1.0.0-beta2-19554-01, )",
        "resolved": "1.0.0-beta2-19554-01",
        "contentHash": "Xb6QINuKuOR4mWOpr7l/jocY/nk3Q88lZ3uYTQhzZvhVDEJ63dDJtVP2SFLXKvwzm1fHTQloDqSbn+0tj+x9jw==",
        "dependencies": {
          "Microsoft.Build.Tasks.Git": "1.0.0-beta2-19554-01",
          "Microsoft.SourceLink.Common": "1.0.0-beta2-19554-01"
        }
      },
      "Microsoft.Build.Tasks.Git": {
        "type": "Transitive",
        "resolved": "1.0.0-beta2-19554-01",
        "contentHash": "v263i3YSvtCGfm0LiOHOUCSZlMNvwP7S1Wo2bQN3T/7jHqqttjnCKHDoJDUu2iyfL8A9FrPRhTyhxOXe2m8PYQ=="
      },
      "Microsoft.SourceLink.Common": {
        "type": "Transitive",
        "resolved": "1.0.0-beta2-19554-01",
        "contentHash": "3UPzCA83snmVmWdrTfE9WctN7zSB+jPf5OVatYCjD4bpjOO4rLVkpTLrDKbXJsmk/uHC24YFX1XRw24u9DgTTA=="
      }
    }
  }
}